PODS:
  - Birdsong (0.2.2):
    - Starscream (~> 1.1.5)
  - Starscream (1.1.5)

DEPENDENCIES:
  - Birdsong (from `../`)

EXTERNAL SOURCES:
  Birdsong:
    :path: ../

SPEC CHECKSUMS:
  Birdsong: eaf1796fc266faa1d71206c321ead36038cd53a9
  Starscream: 7f029b4a3203a1207974a1138e87b5f3843fd242

PODFILE CHECKSUM: 802297440bb608afc8449d1319952f345c5af82d

COCOAPODS: 1.2.1
